
Microsoft Visual Studio Solution File, Format Version 12.00
# Visual Studio 15
VisualStudioVersion = 15.0.28307.1525
MinimumVisualStudioVersion = 10.0.40219.1
Project("{8BC9CEB8-8B4A-11D0-8D11-00A0C91BC942}") = "9465_Stefano_tut3_task3", "9465_Stefano_tut3_task3\9465_Stefano_tut3_task3.vcxproj", "{108303BF-7D7C-405D-928E-DC7D9CFDF635}"
EndProject
Global
	GlobalSection(SolutionConfigurationPlatforms) = preSolution
		Debug|x64 = Debug|x64
		Debug|x86 = Debug|x86
		Release|x64 = Release|x64
		Release|x86 = Release|x86
	EndGlobalSection
	GlobalSection(ProjectConfigurationPlatforms) = postSolution
		{108303BF-7D7C-405D-928E-DC7D9CFDF635}.Debug|x64.ActiveCfg = Debug|x64
		{108303BF-7D7C-405D-928E-DC7D9CFDF635}.Debug|x64.Build.0 = Debug|x64
		{108303BF-7D7C-405D-928E-DC7D9CFDF635}.Debug|x86.ActiveCfg = Debug|Win32
		{108303BF-7D7C-405D-928E-DC7D9CFDF635}.Debug|x86.Build.0 = Debug|Win32
		{108303BF-7D7C-405D-928E-DC7D9CFDF635}.Release|x64.ActiveCfg = Release|x64
		{108303BF-7D7C-405D-928E-DC7D9CFDF635}.Release|x64.Build.0 = Release|x64
		{108303BF-7D7C-405D-928E-DC7D9CFDF635}.Release|x86.ActiveCfg = Release|Win32
		{108303BF-7D7C-405D-928E-DC7D9CFDF635}.Release|x86.Build.0 = Release|Win32
	EndGlobalSection
	GlobalSection(SolutionProperties) = preSolution
		HideSolutionNode = FALSE
	EndGlobalSection
	GlobalSection(ExtensibilityGlobals) = postSolution
		SolutionGuid = {84E5EDFF-8921-4610-8EC2-6EDF0F61FD6F}
	EndGlobalSection
EndGlobal
