
Microsoft Visual Studio Solution File, Format Version 12.00
# Visual Studio 15
VisualStudioVersion = 15.0.28307.1525
MinimumVisualStudioVersion = 10.0.40219.1
Project("{FAE04EC0-301F-11D3-BF4B-00C04F79EFBC}") = "functions", "functions\functions.csproj", "{92F2830E-4789-48C3-B403-8359AD87D2CB}"
EndProject
Global
	GlobalSection(SolutionConfigurationPlatforms) = preSolution
		Debug|Any CPU = Debug|Any CPU
		Release|Any CPU = Release|Any CPU
	EndGlobalSection
	GlobalSection(ProjectConfigurationPlatforms) = postSolution
		{92F2830E-4789-48C3-B403-8359AD87D2CB}.Debug|Any CPU.ActiveCfg = Debug|Any CPU
		{92F2830E-4789-48C3-B403-8359AD87D2CB}.Debug|Any CPU.Build.0 = Debug|Any CPU
		{92F2830E-4789-48C3-B403-8359AD87D2CB}.Release|Any CPU.ActiveCfg = Release|Any CPU
		{92F2830E-4789-48C3-B403-8359AD87D2CB}.Release|Any CPU.Build.0 = Release|Any CPU
	EndGlobalSection
	GlobalSection(SolutionProperties) = preSolution
		HideSolutionNode = FALSE
	EndGlobalSection
	GlobalSection(ExtensibilityGlobals) = postSolution
		SolutionGuid = {33CBAD74-7090-4919-8384-D818A66FC0C8}
	EndGlobalSection
EndGlobal
