
Microsoft Visual Studio Solution File, Format Version 11.00
# Visual C++ Express 2010
Project("{8BC9CEB8-8B4A-11D0-8D11-00A0C91BC942}") = "week 7 war", "week 7 war\week 7 war.vcxproj", "{2013330A-B0CD-45F2-B31A-2AD87A598F69}"
EndProject
Global
	GlobalSection(SolutionConfigurationPlatforms) = preSolution
		Debug|Win32 = Debug|Win32
		Release|Win32 = Release|Win32
	EndGlobalSection
	GlobalSection(ProjectConfigurationPlatforms) = postSolution
		{2013330A-B0CD-45F2-B31A-2AD87A598F69}.Debug|Win32.ActiveCfg = Debug|Win32
		{2013330A-B0CD-45F2-B31A-2AD87A598F69}.Debug|Win32.Build.0 = Debug|Win32
		{2013330A-B0CD-45F2-B31A-2AD87A598F69}.Release|Win32.ActiveCfg = Release|Win32
		{2013330A-B0CD-45F2-B31A-2AD87A598F69}.Release|Win32.Build.0 = Release|Win32
	EndGlobalSection
	GlobalSection(SolutionProperties) = preSolution
		HideSolutionNode = FALSE
	EndGlobalSection
EndGlobal
