
Microsoft Visual Studio Solution File, Format Version 12.00
# Visual Studio 15
VisualStudioVersion = 15.0.28307.1525
MinimumVisualStudioVersion = 10.0.40219.1
Project("{8BC9CEB8-8B4A-11D0-8D11-00A0C91BC942}") = "memoryAllocation", "memoryAllocation.vcxproj", "{1F94C250-52E4-42D3-A1D5-4061A98E4051}"
EndProject
Global
	GlobalSection(SolutionConfigurationPlatforms) = preSolution
		Debug|x64 = Debug|x64
		Debug|x86 = Debug|x86
		Release|x64 = Release|x64
		Release|x86 = Release|x86
	EndGlobalSection
	GlobalSection(ProjectConfigurationPlatforms) = postSolution
		{1F94C250-52E4-42D3-A1D5-4061A98E4051}.Debug|x64.ActiveCfg = Debug|x64
		{1F94C250-52E4-42D3-A1D5-4061A98E4051}.Debug|x64.Build.0 = Debug|x64
		{1F94C250-52E4-42D3-A1D5-4061A98E4051}.Debug|x86.ActiveCfg = Debug|Win32
		{1F94C250-52E4-42D3-A1D5-4061A98E4051}.Debug|x86.Build.0 = Debug|Win32
		{1F94C250-52E4-42D3-A1D5-4061A98E4051}.Release|x64.ActiveCfg = Release|x64
		{1F94C250-52E4-42D3-A1D5-4061A98E4051}.Release|x64.Build.0 = Release|x64
		{1F94C250-52E4-42D3-A1D5-4061A98E4051}.Release|x86.ActiveCfg = Release|Win32
		{1F94C250-52E4-42D3-A1D5-4061A98E4051}.Release|x86.Build.0 = Release|Win32
	EndGlobalSection
	GlobalSection(SolutionProperties) = preSolution
		HideSolutionNode = FALSE
	EndGlobalSection
	GlobalSection(ExtensibilityGlobals) = postSolution
		SolutionGuid = {D34A232C-57EA-4821-8B82-F5513D7082B4}
	EndGlobalSection
EndGlobal
